
Microsoft Visual Studio Solution File, Format Version 12.00
# Visual Studio Version 16
VisualStudioVersion = 16.0.31702.278
MinimumVisualStudioVersion = 10.0.40219.1
Project("{FAE04EC0-301F-11D3-BF4B-00C04F79EFBC}") = "GPS_Resuce_Receiver_GUI", "GPS_Resuce_Receiver_GUI.csproj", "{64F2A765-582A-410E-9694-66BA11F3086F}"
EndProject
Global
	GlobalSection(SolutionConfigurationPlatforms) = preSolution
		Debug|Any CPU = Debug|Any CPU
		Release|Any CPU = Release|Any CPU
	EndGlobalSection
	GlobalSection(ProjectConfigurationPlatforms) = postSolution
		{64F2A765-582A-410E-9694-66BA11F3086F}.Debug|Any CPU.ActiveCfg = Debug|Any CPU
		{64F2A765-582A-410E-9694-66BA11F3086F}.Debug|Any CPU.Build.0 = Debug|Any CPU
		{64F2A765-582A-410E-9694-66BA11F3086F}.Release|Any CPU.ActiveCfg = Release|Any CPU
		{64F2A765-582A-410E-9694-66BA11F3086F}.Release|Any CPU.Build.0 = Release|Any CPU
	EndGlobalSection
	GlobalSection(SolutionProperties) = preSolution
		HideSolutionNode = FALSE
	EndGlobalSection
	GlobalSection(ExtensibilityGlobals) = postSolution
		SolutionGuid = {3146F9CB-E5E3-4788-8036-24D9537701EA}
	EndGlobalSection
EndGlobal
